
Microsoft Visual Studio Solution File, Format Version 12.00
# Visual Studio 15
VisualStudioVersion = 15.0.27703.2042
MinimumVisualStudioVersion = 10.0.40219.1
Project("{FAE04EC0-301F-11D3-BF4B-00C04F79EFBC}") = "FileUpload", "FileUpload\FileUpload.csproj", "{07DE85E9-1D96-4F04-A60B-A2C957D9326F}"
EndProject
Global
	GlobalSection(SolutionConfigurationPlatforms) = preSolution
		Debug|Any CPU = Debug|Any CPU
		Release|Any CPU = Release|Any CPU
	EndGlobalSection
	GlobalSection(ProjectConfigurationPlatforms) = postSolution
		{07DE85E9-1D96-4F04-A60B-A2C957D9326F}.Debug|Any CPU.ActiveCfg = Debug|Any CPU
		{07DE85E9-1D96-4F04-A60B-A2C957D9326F}.Debug|Any CPU.Build.0 = Debug|Any CPU
		{07DE85E9-1D96-4F04-A60B-A2C957D9326F}.Release|Any CPU.ActiveCfg = Release|Any CPU
		{07DE85E9-1D96-4F04-A60B-A2C957D9326F}.Release|Any CPU.Build.0 = Release|Any CPU
	EndGlobalSection
	GlobalSection(SolutionProperties) = preSolution
		HideSolutionNode = FALSE
	EndGlobalSection
	GlobalSection(ExtensibilityGlobals) = postSolution
		SolutionGuid = {7DA5517A-F56A-41FE-A17F-8D262A0142A8}
	EndGlobalSection
EndGlobal
